
Microsoft Visual Studio Solution File, Format Version 11.00
# Visual Studio 2010
Project("{FAE04EC0-301F-11D3-BF4B-00C04F79EFBC}") = "e2Kindle", "e2Kindle.csproj", "{551F30E0-8EF2-4CFC-9A85-60DDF26F6227}"
EndProject
Project("{54435603-DBB4-11D2-8724-00A0C9A8B90C}") = "Setup", "Setup\Setup.vdproj", "{18E2724D-7161-4313-8CF4-0793932B81AB}"
EndProject
Project("{FAE04EC0-301F-11D3-BF4B-00C04F79EFBC}") = "GoogleApi", "..\GoogleAPI\GoogleApi.csproj", "{06E98386-B41B-4629-9FB0-613ECBBF6188}"
EndProject
Project("{FAE04EC0-301F-11D3-BF4B-00C04F79EFBC}") = "Utilities", "..\Utilities\Utilities.csproj", "{4E4A7BD0-821F-44E2-8842-BC49CDDA0D73}"
EndProject
Project("{FAE04EC0-301F-11D3-BF4B-00C04F79EFBC}") = "HtmlAgilityPack", "..\HtmlAgilityPack\HtmlAgilityPack.csproj", "{193BB801-054F-4729-9D5D-FCE1E32594BF}"
EndProject
Global
	GlobalSection(SolutionConfigurationPlatforms) = preSolution
		Debug|Any CPU = Debug|Any CPU
		Debug|Mixed Platforms = Debug|Mixed Platforms
		Debug|x86 = Debug|x86
		Release|Any CPU = Release|Any CPU
		Release|Mixed Platforms = Release|Mixed Platforms
		Release|x86 = Release|x86
	EndGlobalSection
	GlobalSection(ProjectConfigurationPlatforms) = postSolution
		{551F30E0-8EF2-4CFC-9A85-60DDF26F6227}.Debug|Any CPU.ActiveCfg = Debug|x86
		{551F30E0-8EF2-4CFC-9A85-60DDF26F6227}.Debug|Mixed Platforms.ActiveCfg = Debug|x86
		{551F30E0-8EF2-4CFC-9A85-60DDF26F6227}.Debug|Mixed Platforms.Build.0 = Debug|x86
		{551F30E0-8EF2-4CFC-9A85-60DDF26F6227}.Debug|x86.ActiveCfg = Debug|x86
		{551F30E0-8EF2-4CFC-9A85-60DDF26F6227}.Debug|x86.Build.0 = Debug|x86
		{551F30E0-8EF2-4CFC-9A85-60DDF26F6227}.Release|Any CPU.ActiveCfg = Release|x86
		{551F30E0-8EF2-4CFC-9A85-60DDF26F6227}.Release|Mixed Platforms.ActiveCfg = Release|x86
		{551F30E0-8EF2-4CFC-9A85-60DDF26F6227}.Release|Mixed Platforms.Build.0 = Release|x86
		{551F30E0-8EF2-4CFC-9A85-60DDF26F6227}.Release|x86.ActiveCfg = Release|x86
		{551F30E0-8EF2-4CFC-9A85-60DDF26F6227}.Release|x86.Build.0 = Release|x86
		{18E2724D-7161-4313-8CF4-0793932B81AB}.Debug|Any CPU.ActiveCfg = Debug
		{18E2724D-7161-4313-8CF4-0793932B81AB}.Debug|Mixed Platforms.ActiveCfg = Debug
		{18E2724D-7161-4313-8CF4-0793932B81AB}.Debug|x86.ActiveCfg = Debug
		{18E2724D-7161-4313-8CF4-0793932B81AB}.Release|Any CPU.ActiveCfg = Release
		{18E2724D-7161-4313-8CF4-0793932B81AB}.Release|Mixed Platforms.ActiveCfg = Release
		{18E2724D-7161-4313-8CF4-0793932B81AB}.Release|x86.ActiveCfg = Release
		{06E98386-B41B-4629-9FB0-613ECBBF6188}.Debug|Any CPU.ActiveCfg = Debug|Any CPU
		{06E98386-B41B-4629-9FB0-613ECBBF6188}.Debug|Any CPU.Build.0 = Debug|Any CPU
		{06E98386-B41B-4629-9FB0-613ECBBF6188}.Debug|Mixed Platforms.ActiveCfg = Debug|Any CPU
		{06E98386-B41B-4629-9FB0-613ECBBF6188}.Debug|Mixed Platforms.Build.0 = Debug|Any CPU
		{06E98386-B41B-4629-9FB0-613ECBBF6188}.Debug|x86.ActiveCfg = Debug|Any CPU
		{06E98386-B41B-4629-9FB0-613ECBBF6188}.Debug|x86.Build.0 = Debug|Any CPU
		{06E98386-B41B-4629-9FB0-613ECBBF6188}.Release|Any CPU.ActiveCfg = Release|Any CPU
		{06E98386-B41B-4629-9FB0-613ECBBF6188}.Release|Any CPU.Build.0 = Release|Any CPU
		{06E98386-B41B-4629-9FB0-613ECBBF6188}.Release|Mixed Platforms.ActiveCfg = Release|Any CPU
		{06E98386-B41B-4629-9FB0-613ECBBF6188}.Release|Mixed Platforms.Build.0 = Release|Any CPU
		{06E98386-B41B-4629-9FB0-613ECBBF6188}.Release|x86.ActiveCfg = Release|Any CPU
		{06E98386-B41B-4629-9FB0-613ECBBF6188}.Release|x86.Build.0 = Release|Any CPU
		{4E4A7BD0-821F-44E2-8842-BC49CDDA0D73}.Debug|Any CPU.ActiveCfg = Debug|Any CPU
		{4E4A7BD0-821F-44E2-8842-BC49CDDA0D73}.Debug|Any CPU.Build.0 = Debug|Any CPU
		{4E4A7BD0-821F-44E2-8842-BC49CDDA0D73}.Debug|Mixed Platforms.ActiveCfg = Debug|Any CPU
		{4E4A7BD0-821F-44E2-8842-BC49CDDA0D73}.Debug|Mixed Platforms.Build.0 = Debug|Any CPU
		{4E4A7BD0-821F-44E2-8842-BC49CDDA0D73}.Debug|x86.ActiveCfg = Debug|Any CPU
		{4E4A7BD0-821F-44E2-8842-BC49CDDA0D73}.Debug|x86.Build.0 = Debug|Any CPU
		{4E4A7BD0-821F-44E2-8842-BC49CDDA0D73}.Release|Any CPU.ActiveCfg = Release|Any CPU
		{4E4A7BD0-821F-44E2-8842-BC49CDDA0D73}.Release|Any CPU.Build.0 = Release|Any CPU
		{4E4A7BD0-821F-44E2-8842-BC49CDDA0D73}.Release|Mixed Platforms.ActiveCfg = Release|Any CPU
		{4E4A7BD0-821F-44E2-8842-BC49CDDA0D73}.Release|Mixed Platforms.Build.0 = Release|Any CPU
		{4E4A7BD0-821F-44E2-8842-BC49CDDA0D73}.Release|x86.ActiveCfg = Release|Any CPU
		{4E4A7BD0-821F-44E2-8842-BC49CDDA0D73}.Release|x86.Build.0 = Release|Any CPU
		{193BB801-054F-4729-9D5D-FCE1E32594BF}.Debug|Any CPU.ActiveCfg = Debug|Any CPU
		{193BB801-054F-4729-9D5D-FCE1E32594BF}.Debug|Any CPU.Build.0 = Debug|Any CPU
		{193BB801-054F-4729-9D5D-FCE1E32594BF}.Debug|Mixed Platforms.ActiveCfg = Debug|Any CPU
		{193BB801-054F-4729-9D5D-FCE1E32594BF}.Debug|Mixed Platforms.Build.0 = Debug|Any CPU
		{193BB801-054F-4729-9D5D-FCE1E32594BF}.Debug|x86.ActiveCfg = Debug|Any CPU
		{193BB801-054F-4729-9D5D-FCE1E32594BF}.Release|Any CPU.ActiveCfg = Release|Any CPU
		{193BB801-054F-4729-9D5D-FCE1E32594BF}.Release|Any CPU.Build.0 = Release|Any CPU
		{193BB801-054F-4729-9D5D-FCE1E32594BF}.Release|Mixed Platforms.ActiveCfg = Release|Any CPU
		{193BB801-054F-4729-9D5D-FCE1E32594BF}.Release|Mixed Platforms.Build.0 = Release|Any CPU
		{193BB801-054F-4729-9D5D-FCE1E32594BF}.Release|x86.ActiveCfg = Release|Any CPU
	EndGlobalSection
	GlobalSection(SolutionProperties) = preSolution
		HideSolutionNode = FALSE
	EndGlobalSection
EndGlobal
